{
  "version": 4,
  "terraform_version": "1.8.4",
  "serial": 143,
  "lineage": "fe15e005-cbf2-5be1-fbd0-58b0101ecb16",
  "outputs": {
    "password": {
      "value": [
        "wcFMA0bfSzixBsenAQ//ZEbgytyWkGlI95aMJByGpu81uiChCgSw5gHTVbIL9fWO+7NQzISxqgN1SJEgTbh8F3oegDjmT5te691TuBpEk/tzTd33LJnT1qOD2Dld78o/K14Mcj4Re/mptopgWGmNqI7p5+KBu5clJq2gQYP8twSj6BrO8w79nKZZQ8yr8FDoO+6YeGMyQbKRcQm1cadRy8+TtJ5tUhkTUaNm612HXaN2HyAyl1FZxzxGl4PgzhAf8WrNFgJYCZc90v5ASyo14MqQM5aBpBna7llfHZAfrvbApvTtPQWJBlxe7d40f645Zv3a/Q8dkJZEx09NY6JKAqj9tJuKaLORRpxle+mcKJrmvLXuh9v12/Epz9yHIfdwbL5hieX72hETMJGcrjaNVKjqIO0mX8kPMjJohtA8hORSBqQNEgiXd7XK5fimnKRMhXRMnyeJcZ+CwtjvDhsZa4W0XaLMaCB22LBko7HUcsCtYUGMUQb+Fqmyw9LwSJw+HNmrmtQB15mO3voEYcG1cFgPCYSo/WBlu6j4QNGlhy0pSSkOsDze2SHVnIEleUPV3uRwVjcDmitaX4B0iJF8jLdUW4jT1imz9ll1H0SX11JdNtc3tDFAjZA/vd8uFy/Nmw7DHo6w9SP0VtVZgiN9mhsMMFbNB3WClhont3Gtt/vtTHyd8EBwBzYx+VbWF0vSRQHWtXtd/ft6vEVXZXCrYto4RK8EMgnES8hBYe4CP3eXiwIyEPyFb6z1Aa/qkWegRpSJcVrTMbM/4a840RMFiiEfhrRCEA==",
        "wcFMA0bfSzixBsenAQ/8CJZFGo92b66cPe5EzoG694RfzXSfgWtex0B5ru13v2qmxD3HwybSYUDcey04gOJLq+zIhJymupNbDaCDpMyHFCFtuJTbhZtuGuMM4E0HFbQFUGDTSZxQN2semDi817E4aOaSwXNluhmbfnQ/xnNlXt7x7hGmH69yLZygEkYt0JFv4c7EktRZcEJ+ERR2z47wTvDjq8BY1WLa6GWnHRSjDoZIIT+VTod18Grc3T+TzqU0mUoZiOMY9qYhpP44cvyW08Tu7nH5Z1MV6KAfmSAdzskN9Acei566fw46ljBUr4AZRqIFlBghWJU41ZYJxaD/PxbELvhxpQLpcDxLRLleJCKmqZejdOn+rdKjacxa6JbaqwJVMhsQxQxUn7izQ6O0u6jUY38eih0et2ATFJH7W7Q3hKvlo5gjIBOu1ItFhIoTVzBpfFmtGyYsiLaN7KQTH7LIC3xwiA86iSs092dJeDWfFviwZ4cxCSi5SoOix4AfOzwei4FYzLmmx4Z1Y+fIg1TDu4Sdrnrsbk+MfWyDU5NmMAmQS6iyxWhtlYaHmEUcJtNqe2rZYawL32lSC90mqXe8o9BYmf3nAHO9+mzaYDF2JqOEbS2ipWUgET7fahRz1/N/V2hbed9NkoRspq7ct0MCIEWdD73NI8YC4aWvznOrS/r7tAPHQfQnLhU4sobSRQH89uvFfcX1LoM8pUSNLmRwMoiMcLH/99J+8Mq7FMtgqsaUcCk1W+76h1K89VMu2zzU1n+jW9uKKJHkcLewwUOWAD7dqg=="
      ],
      "type": [
        "tuple",
        [
          "string",
          "string"
        ]
      ]
    },
    "pgp_key_debug": {
      "value": "keybase:gustibz",
      "type": "string"
    }
  },
  "resources": [
    {
      "mode": "data",
      "type": "local_file",
      "name": "pgp_key",
      "provider": "provider[\"registry.terraform.io/hashicorp/local\"]",
      "instances": [
        {
          "schema_version": 0,
          "attributes": {
            "content": "-----BEGIN PGP PUBLIC KEY BLOCK-----\n\nmQINBGhl2zIBEACp8iovi8q69Ejx6+xQCrPFlfRD0v9dnu56yJ/PHhgvPv5tYn/0\nHQePYeUxO3w4mkGQ/OZ1t2VQQx9KHdbtFRdKMv4m1uRX3Q8VVnoO6WDZD6m7kIXS\ncqz4bKnB3D4rVhgEm5PKmsRQoXX3f9Tt3Xv1o5iGF+Z+Uot62ChQTET4syPVg9CA\nC1rGQBmPYbsidxFF8zzwNa+xg8H328bn+EJnS8pLwCfc5bAr3EMJIu6kzjGUK73M\nJ24TN2WmWkjkvKtejcLIg6fHMEGkMXo5KC7YY3ID6YTKN55wtiuHjCK77hEAQaVN\n3xp4IZjrl0aAQd153xnt6c3cwEjlT13EqsIhNJNS4MRLLZpjqOrYr0RjJNIDDuM7\nTfSfWLkfNdJfl+H/5/PJ3tKzIcG88uhTA5V+cJmrIsyJe+HTkp7ZYHjBfQK5uIYe\nl6Qtzmmm935qL1+aE+zBc1XCdu+1CFD4GyGFmwxlpDf7G9OyPHH68Vq108lzvz5y\ninteYywDjMy9eoEc63kl1/jgsrY32hM0K0bcFWokn5HGhAPOIZmlef+4hSJckk0C\n9dLCa4tqP7c0L1PYDdXKHsH+vcMipvgNeCZPFBy1xnlhxgnLXZCkhxRTFyfODN0F\nf/TpT9Jy/4Ss6EJmeKV+kmzRy5l6Zd6UrIv643izuvP9uEns4zFTHty0XQARAQAB\ntCBndXN0aWJhIDxndXN0aS5iYXl1YTFAZ21haWwuY29tPokCTgQTAQoAOBYhBJD1\nhltuG18WfWAl8swWxHmY/fxfBQJoZdsyAhsDBQsJCAcCBhUKCQgLAgQWAgMBAh4B\nAheAAAoJEMwWxHmY/fxf08sQAKChl0o1ZLPEBvZJz8Lx2xuZh64WpSH+vxFrzoPL\n4GAQJzfDeun/kYAaUz15Wal/Y9HK74Awsq9+tIZwr6I5W+YKmu4eiybcB4iyAzf4\niQ3YzW7R9ifiD6hTxExpi6gFiqE4JWxHatlUyxFgZgMBQCYUJTAOLvPuczeDt++j\njzHAuBoYnFB6L0PtW/8ieImODOfluW6zuvssY8/6YtMd2DSE831Il7YX+t1eddxc\nppAX3XNFk6fx2LG3M0pnhfEMDfSdd8ZawYRP2sQWJ94C3PZ/nCLaYt36l61e4gW0\nNfA0fBiHyul9DduB2GwqGLhNLl61AQ2OA4YwkqSHUPHMTHIru7luhOOuJ1XvaI6c\nw9irUO1xlEWQSDpmEzT7w6zXxF28b4D/mGklYjihHg4uwS0o3VBkSW0SNe0iz0/C\na3hpIY1DTxT0Q+uXsqzehUp5hCUthM3YAvYBy6oabd78A4zIzlXh27cm7FYH+GBU\nIysjtkYa4rj6wZv2YFf4vrSjgaRfE86Eqrw7Z8P4AoRd48DaEoDMO0Oi5I5mCY66\nrRXw8Ba+uH+gIFlxz9n51++oJQK2gKEnIpca96G1Fp/X+WW06nu13dojh418KfIb\nYoBSMhZM4CIrxsTtqOarYXKEyKSb3DK9rXExhhQdxEXG9D+nh6/pcgzhoEOREaCl\nIDJOuQINBGhl2zIBEACuzqEYdA1WzZG3BzgnVTunkbHPQf8E/QKRRkP8gxWh6rjx\nrjOsu/PGqGlWSEtnUKahkAgerZ/lrr3Eetfp9dFkeo2RKgzZk7sIa+h2JWDxO9dN\nMu3FoVUYN6U6jz8F4feShqwdZIaoU4GTXkD4pCEUbehmX7HmUq9+f93Nuc+IvuLW\nfIt37LwQEU/k8w6bZ4Ie7t6jQwKfBd1wEtOSepeAApcpRaMWXVbEksEPz7Ocv2D8\n3C1zeM/AwUsJhKh3yPTXZVsRusBuD6wQk4rl86T5MtSBNxljpo782/s+2blTTuTt\nDlCGmnybJgyB3z2eLGF2Qh1yAiCjxQBHxeeD9vzfZxAZAu+HWSDpT866w/6wyixU\nqugqlWcgkNMvEprM6/8Bauu5T8qj0KN6AltM2U57FZd1UkM2+QjudodC6rDAGRth\n0Ux118ORMfrRehyTF8WWLKpvZvNI4sXtvfu9DZ+gHCSL7ERdl3H0GFm6n9mkKHPm\nTZyohXjDcez9YfoX/nj9EX/3AVRdBx8xjKwOaPzoUEbhvXO/4Sz/sIEZwlOkJRiG\ncOjhgrpsWGNmlWsrW7iMm4lzICz7+SILIcLmnH43aG3cO84XSbJeexUblQFfiNWh\nHA4qPzVDtAfJ6RNB3NcPiGt1yzrCOmUfvlev46RFrmm0KpR3eru6u7sSfqzbvQAR\nAQABiQI2BBgBCgAgFiEEkPWGW24bXxZ9YCXyzBbEeZj9/F8FAmhl2zICGwwACgkQ\nzBbEeZj9/F9/rxAAkweZVmEYgAzMatmw4yW+0lFPGYLacNqI2jX9jwyBqWOamlSR\n9DWtPmWUVkbEZlIdlaxe5MYVsrPuCP1B53hGHFVyMt1xIDdQoB3iOs/o3soDtv6j\nhWVOUV8q3WHh3pDJoTedih0RA8InmQiEz2lwNhGidtpVyQhU/xX2H3FAvCdskSbQ\n9xZ5vRND/bxgoCV94wRtXjtEJuZeAwDgdAPjIhYZrgZCmm7YoQqqNDYRLIxnxlbY\nTfBA6dKfY6msiRpI5bMbfIdXBnPKvgkZWtju227PPu94MXIqDrm1iQCFnhWNqN2y\nQ/pFPuzl+k++HDacFTr9Gb5fJaOIc2hAAc6zDHJIxZa1vJCCVZ26g1HvXI0VPyb2\n/CO5O/ICA3Ua0mOl2UZ0EhCvHujXg6CLE2BrqkjnHf96lhYyIbsgN5yTzQIeTMxa\nLRGGjMG+2EEFaXV1bIrDgQb7Ua9ZGTeu+sEwGSo4laP0a6FskYVz+LBr85ZNVeTZ\n2XOpq+dZOu/BPLPkjzqGTQsYhG+e72p0bzfTJWltTUasZzOWJc55luOXqicVfCSM\nqB40VA+01JZPSeUFyPmyfFxIxLnm5mi25cJwBbIjHVXFBbxARfvQUdGG/hBHSP2N\npyWLRHOR+i7ApmSQWgJjQSqConSAthbR5W7TGnp21JaKZcLNk0/IzES26Yg=\n=24ef\n-----END PGP PUBLIC KEY BLOCK-----\n",
            "content_base64": "LS0tLS1CRUdJTiBQR1AgUFVCTElDIEtFWSBCTE9DSy0tLS0tCgptUUlOQkdobDJ6SUJFQUNwOGlvdmk4cTY5RWp4Nit4UUNyUEZsZlJEMHY5ZG51NTZ5Si9QSGhndlB2NXRZbi8wCkhRZVBZZVV4TzN3NG1rR1EvT1oxdDJWUVF4OUtIZGJ0RlJkS012NG0xdVJYM1E4VlZub082V0RaRDZtN2tJWFMKY3F6NGJLbkIzRDRyVmhnRW01UEttc1JRb1hYM2Y5VHQzWHYxbzVpR0YrWitVb3Q2MkNoUVRFVDRzeVBWZzlDQQpDMXJHUUJtUFlic2lkeEZGOHp6d05hK3hnOEgzMjhibitFSm5TOHBMd0NmYzViQXIzRU1KSXU2a3pqR1VLNzNNCkoyNFROMldtV2tqa3ZLdGVqY0xJZzZmSE1FR2tNWG81S0M3WVkzSUQ2WVRLTjU1d3RpdUhqQ0s3N2hFQVFhVk4KM3hwNElaanJsMGFBUWQxNTN4bnQ2YzNjd0VqbFQxM0Vxc0loTkpOUzRNUkxMWnBqcU9yWXIwUmpKTklERHVNNwpUZlNmV0xrZk5kSmZsK0gvNS9QSjN0S3pJY0c4OHVoVEE1VitjSm1ySXN5SmUrSFRrcDdaWUhqQmZRSzV1SVllCmw2UXR6bW1tOTM1cUwxK2FFK3pCYzFYQ2R1KzFDRkQ0R3lHRm13eGxwRGY3RzlPeVBISDY4VnExMDhsenZ6NXkKaW50ZVl5d0RqTXk5ZW9FYzYza2wxL2pnc3JZMzJoTTBLMGJjRldva241SEdoQVBPSVptbGVmKzRoU0pja2swQwo5ZExDYTR0cVA3YzBMMVBZRGRYS0hzSCt2Y01pcHZnTmVDWlBGQnkxeG5saHhnbkxYWkNraHhSVEZ5Zk9ETjBGCmYvVHBUOUp5LzRTczZFSm1lS1Yra216Unk1bDZaZDZVckl2NjQzaXp1dlA5dUVuczR6RlRIdHkwWFFBUkFRQUIKdENCbmRYTjBhV0poSUR4bmRYTjBhUzVpWVhsMVlURkFaMjFoYVd3dVkyOXRQb2tDVGdRVEFRb0FPQlloQkpEMQpobHR1RzE4V2ZXQWw4c3dXeEhtWS9meGZCUUpvWmRzeUFoc0RCUXNKQ0FjQ0JoVUtDUWdMQWdRV0FnTUJBaDRCCkFoZUFBQW9KRU13V3hIbVkvZnhmMDhzUUFLQ2hsMG8xWkxQRUJ2Wkp6OEx4Mnh1Wmg2NFdwU0grdnhGcnpvUEwKNEdBUUp6ZkRldW4va1lBYVV6MTVXYWwvWTlISzc0QXdzcTkrdElad3I2STVXK1lLbXU0ZWl5YmNCNGl5QXpmNAppUTNZelc3UjlpZmlENmhUeEV4cGk2Z0ZpcUU0Sld4SGF0bFV5eEZnWmdNQlFDWVVKVEFPTHZQdWN6ZUR0KytqCmp6SEF1Qm9ZbkZCNkwwUHRXLzhpZUltT0RPZmx1VzZ6dXZzc1k4LzZZdE1kMkRTRTgzMUlsN1lYK3QxZWRkeGMKcHBBWDNYTkZrNmZ4MkxHM00wcG5oZkVNRGZTZGQ4WmF3WVJQMnNRV0o5NEMzUFovbkNMYVl0MzZsNjFlNGdXMApOZkEwZkJpSHl1bDlEZHVCMkd3cUdMaE5MbDYxQVEyT0E0WXdrcVNIVVBITVRISXJ1N2x1aE9PdUoxWHZhSTZjCnc5aXJVTzF4bEVXUVNEcG1FelQ3dzZ6WHhGMjhiNEQvbUdrbFlqaWhIZzR1d1MwbzNWQmtTVzBTTmUwaXowL0MKYTNocElZMURUeFQwUSt1WHNxemVoVXA1aENVdGhNM1lBdllCeTZvYWJkNzhBNHpJemxYaDI3Y203RllIK0dCVQpJeXNqdGtZYTRyajZ3WnYyWUZmNHZyU2pnYVJmRTg2RXFydzdaOFA0QW9SZDQ4RGFFb0RNTzBPaTVJNW1DWTY2CnJSWHc4QmErdUgrZ0lGbHh6OW41MSsrb0pRSzJnS0VuSXBjYTk2RzFGcC9YK1dXMDZudTEzZG9qaDQxOEtmSWIKWW9CU01oWk00Q0lyeHNUdHFPYXJZWEtFeUtTYjNESzlyWEV4aGhRZHhFWEc5RCtuaDYvcGNnemhvRU9SRWFDbApJREpPdVFJTkJHaGwyeklCRUFDdXpxRVlkQTFXelpHM0J6Z25WVHVua2JIUFFmOEUvUUtSUmtQOGd4V2g2cmp4CnJqT3N1L1BHcUdsV1NFdG5VS2Foa0FnZXJaL2xycjNFZXRmcDlkRmtlbzJSS2d6Wms3c0lhK2gySldEeE85ZE4KTXUzRm9WVVlONlU2ano4RjRmZVNocXdkWklhb1U0R1RYa0Q0cENFVWJlaG1YN0htVXE5K2Y5M051YytJdnVMVwpmSXQzN0x3UUVVL2s4dzZiWjRJZTd0NmpRd0tmQmQxd0V0T1NlcGVBQXBjcFJhTVdYVmJFa3NFUHo3T2N2MkQ4CjNDMXplTS9Bd1VzSmhLaDN5UFRYWlZzUnVzQnVENndRazRybDg2VDVNdFNCTnhsanBvNzgyL3MrMmJsVFR1VHQKRGxDR21ueWJKZ3lCM3oyZUxHRjJRaDF5QWlDanhRQkh4ZWVEOXZ6Zlp4QVpBdStIV1NEcFQ4NjZ3LzZ3eWl4VQpxdWdxbFdjZ2tOTXZFcHJNNi84QmF1dTVUOHFqMEtONkFsdE0yVTU3RlpkMVVrTTIrUWp1ZG9kQzZyREFHUnRoCjBVeDExOE9STWZyUmVoeVRGOFdXTEtwdlp2Tkk0c1h0dmZ1OURaK2dIQ1NMN0VSZGwzSDBHRm02bjlta0tIUG0KVFp5b2hYakRjZXo5WWZvWC9uajlFWC8zQVZSZEJ4OHhqS3dPYVB6b1VFYmh2WE8vNFN6L3NJRVp3bE9rSlJpRwpjT2poZ3Jwc1dHTm1sV3NyVzdpTW00bHpJQ3o3K1NJTEljTG1uSDQzYUczY084NFhTYkplZXhVYmxRRmZpTldoCkhBNHFQelZEdEFmSjZSTkIzTmNQaUd0MXl6ckNPbVVmdmxldjQ2UkZybW0wS3BSM2VydTZ1N3NTZnF6YnZRQVIKQVFBQmlRSTJCQmdCQ2dBZ0ZpRUVrUFdHVzI0Ylh4WjlZQ1h5ekJiRWVaajkvRjhGQW1obDJ6SUNHd3dBQ2drUQp6QmJFZVpqOS9GOS9yeEFBa3dlWlZtRVlnQXpNYXRtdzR5VyswbEZQR1lMYWNOcUkyalg5and5QnFXT2FtbFNSCjlEV3RQbVdVVmtiRVpsSWRsYXhlNU1ZVnNyUHVDUDFCNTNoR0hGVnlNdDF4SURkUW9CM2lPcy9vM3NvRHR2NmoKaFdWT1VWOHEzV0hoM3BESm9UZWRpaDBSQThJbm1RaUV6Mmx3TmhHaWR0cFZ5UWhVL3hYMkgzRkF2Q2Rza1NiUQo5eFo1dlJORC9ieGdvQ1Y5NHdSdFhqdEVKdVplQXdEZ2RBUGpJaFlacmdaQ21tN1lvUXFxTkRZUkxJeG54bGJZClRmQkE2ZEtmWTZtc2lScEk1Yk1iZklkWEJuUEt2Z2taV3RqdTIyN1BQdTk0TVhJcURybTFpUUNGbmhXTnFOMnkKUS9wRlB1emwraysrSERhY0ZUcjlHYjVmSmFPSWMyaEFBYzZ6REhKSXhaYTF2SkNDVloyNmcxSHZYSTBWUHliMgovQ081Ty9JQ0EzVWEwbU9sMlVaMEVoQ3ZIdWpYZzZDTEUyQnJxa2puSGY5NmxoWXlJYnNnTjV5VHpRSWVUTXhhCkxSR0dqTUcrMkVFRmFYVjFiSXJEZ1FiN1VhOVpHVGV1K3NFd0dTbzRsYVAwYTZGc2tZVnorTEJyODVaTlZlVFoKMlhPcHErZFpPdS9CUExQa2p6cUdUUXNZaEcrZTcycDBiemZUSldsdFRVYXNaek9XSmM1NWx1T1hxaWNWZkNTTQpxQjQwVkErMDFKWlBTZVVGeVBteWZGeEl4TG5tNW1pMjVjSndCYklqSFZYRkJieEFSZnZRVWRHRy9oQkhTUDJOCnB5V0xSSE9SK2k3QXBtU1FXZ0pqUVNxQ29uU0F0aGJSNVc3VEducDIxSmFLWmNMTmswL0l6RVMyNllnPQo9MjRlZgotLS0tLUVORCBQR1AgUFVCTElDIEtFWSBCTE9DSy0tLS0tCg==",
            "content_base64sha256": "EPcle4GE5nGj9MXCVL6LCI8/phf0deT6zQvRkWQMEfk=",
            "content_base64sha512": "NhFRH2p43Lg6HEYQ7QTGNx1ByzV95cuhW0bPpfJrdxyNbs/rgRPMcWs4onPpgLSh18dqk1+XpjP4vt/bjMg24w==",
            "content_md5": "f62263dbfa7aceadd45436e975cbd473",
            "content_sha1": "21808b2045e6ac449906d7f63ca2a92260cd7947",
            "content_sha256": "10f7257b8184e671a3f4c5c254be8b088f3fa617f475e4facd0bd191640c11f9",
            "content_sha512": "3611511f6a78dcb83a1c4610ed04c6371d41cb357de5cba15b46cfa5f26b771c8d6ecfeb8113cc716b38a273e980b4a1d7c76a935f97a633f8bedfdb8cc836e3",
            "filename": "./new_public_key.asc",
            "id": "21808b2045e6ac449906d7f63ca2a92260cd7947"
          },
          "sensitive_attributes": []
        }
      ]
    },
    {
      "mode": "managed",
      "type": "aws_eip",
      "name": "eip-customer",
      "provider": "provider[\"registry.terraform.io/hashicorp/aws\"]",
      "instances": [
        {
          "schema_version": 0,
          "attributes": {
            "address": null,
            "allocation_id": "eipalloc-08fe38f494322799e",
            "associate_with_private_ip": null,
            "association_id": "eipassoc-0335a073c2a50c586",
            "carrier_ip": "",
            "customer_owned_ip": "",
            "customer_owned_ipv4_pool": "",
            "domain": "vpc",
            "id": "eipalloc-08fe38f494322799e",
            "instance": "",
            "network_border_group": "ap-southeast-3",
            "network_interface": "eni-019d1565cdf48bf09",
            "private_dns": "ip-10-20-0-85.ap-southeast-3.compute.internal",
            "private_ip": "10.20.0.85",
            "public_dns": "ec2-16-78-203-228.ap-southeast-3.compute.amazonaws.com",
            "public_ip": "16.78.203.228",
            "public_ipv4_pool": "amazon",
            "tags": {},
            "tags_all": {},
            "timeouts": null,
            "vpc": true
          },
          "sensitive_attributes": [],
          "private": "eyJlMmJmYjczMC1lY2FhLTExZTYtOGY4OC0zNDM2M2JjN2M0YzAiOnsiZGVsZXRlIjoxODAwMDAwMDAwMDAsInJlYWQiOjkwMDAwMDAwMDAwMCwidXBkYXRlIjozMDAwMDAwMDAwMDB9fQ=="
        }
      ]
    },
    {
      "mode": "managed",
      "type": "aws_iam_account_password_policy",
      "name": "password-policy",
      "provider": "provider[\"registry.terraform.io/hashicorp/aws\"]",
      "instances": [
        {
          "schema_version": 0,
          "attributes": {
            "allow_users_to_change_password": true,
            "expire_passwords": false,
            "hard_expiry": false,
            "id": "iam-account-password-policy",
            "max_password_age": 0,
            "minimum_password_length": 12,
            "password_reuse_prevention": 0,
            "require_lowercase_characters": true,
            "require_numbers": true,
            "require_symbols": true,
            "require_uppercase_characters": true
          },
          "sensitive_attributes": [],
          "private": "bnVsbA=="
        }
      ]
    },
    {
      "mode": "managed",
      "type": "aws_iam_policy",
      "name": "billing-policy",
      "provider": "provider[\"registry.terraform.io/hashicorp/aws\"]",
      "instances": [
        {
          "schema_version": 0,
          "attributes": {
            "arn": "arn:aws:iam::980921713930:policy/billing_policy",
            "description": "",
            "id": "arn:aws:iam::980921713930:policy/billing_policy",
            "name": "billing_policy",
            "name_prefix": null,
            "path": "/",
            "policy": "{\"Statement\":[{\"Action\":[\"aws-portal:*Billing\",\"aws-portal:*Usage\",\"aws-portal:*PaymentMethods\",\"budgets:ViewBudget\",\"budgets:ModifyBudget\",\"ce:UpdatePreferences\",\"ce:CreateReport\",\"ce:UpdateReport\",\"ce:DeleteReport\",\"ce:CreateNotificationSubscription\",\"ce:UpdateNotificationSubscription\",\"ce:DeleteNotificationSubscription\",\"cur:DescribeReportDefinitions\",\"cur:PutReportDefinition\",\"cur:ModifyReportDefinition\",\"cur:DeleteReportDefinition\",\"purchase-orders:*PurchaseOrders\",\"iam:ChangePassword\"],\"Effect\":\"Allow\",\"Resource\":\"*\"}],\"Version\":\"2012-10-17\"}",
            "policy_id": "ANPA6IY35QUFBUB5BC3WK",
            "tags": {},
            "tags_all": {}
          },
          "sensitive_attributes": [],
          "private": "bnVsbA=="
        }
      ]
    },
    {
      "mode": "managed",
      "type": "aws_iam_policy",
      "name": "customer-policy",
      "provider": "provider[\"registry.terraform.io/hashicorp/aws\"]",
      "instances": [
        {
          "schema_version": 0,
          "attributes": {
            "arn": "arn:aws:iam::980921713930:policy/customer_policy",
            "description": "",
            "id": "arn:aws:iam::980921713930:policy/customer_policy",
            "name": "customer_policy",
            "name_prefix": null,
            "path": "/",
            "policy": "{\"Statement\":[{\"Action\":[\"cloudformation:*\",\"cloudfront:*\",\"ec2:*\",\"autoscaling:*\",\"logs:*\",\"iam:*\",\"elasticfilesystem:*\",\"lambda:*\",\"cloudtrail:*\",\"cloudwatch:*\",\"compute-optimizer:*\",\"ds:*\",\"fsx:*\",\"forecast:*\",\"imagebuilder:*\",\"inspector:*\",\"kinesis:*\",\"lightsail:*\",\"route53:*\",\"s3:*\",\"schemas:*\",\"ses:*\",\"sns:*\",\"sqs:*\",\"ssm:*\",\"sso:*\",\"tag:*\",\"waf:*\",\"workdocs:*\"],\"Effect\":\"Allow\",\"Resource\":\"*\"}],\"Version\":\"2012-10-17\"}",
            "policy_id": "ANPA6IY35QUFBWKVPXW7S",
            "tags": {},
            "tags_all": {}
          },
          "sensitive_attributes": [],
          "private": "bnVsbA=="
        }
      ]
    },
    {
      "mode": "managed",
      "type": "aws_iam_policy_attachment",
      "name": "billing-attachment",
      "provider": "provider[\"registry.terraform.io/hashicorp/aws\"]",
      "instances": [
        {
          "schema_version": 0,
          "attributes": {
            "groups": [],
            "id": "policy-attachment",
            "name": "policy-attachment",
            "policy_arn": "arn:aws:iam::980921713930:policy/billing_policy",
            "roles": [],
            "users": [
              "bhp-admin"
            ]
          },
          "sensitive_attributes": [],
          "private": "bnVsbA==",
          "dependencies": [
            "aws_iam_policy.billing-policy",
            "aws_iam_user.user-berca"
          ]
        }
      ]
    },
    {
      "mode": "managed",
      "type": "aws_iam_policy_attachment",
      "name": "customer-attachment",
      "provider": "provider[\"registry.terraform.io/hashicorp/aws\"]",
      "instances": [
        {
          "schema_version": 0,
          "attributes": {
            "groups": [],
            "id": "test-attachment",
            "name": "test-attachment",
            "policy_arn": "arn:aws:iam::980921713930:policy/customer_policy",
            "roles": [],
            "users": [
              "customer-IAM"
            ]
          },
          "sensitive_attributes": [],
          "private": "bnVsbA==",
          "dependencies": [
            "aws_iam_policy.customer-policy",
            "aws_iam_user.user-berca"
          ]
        }
      ]
    },
    {
      "mode": "managed",
      "type": "aws_iam_user",
      "name": "user-berca",
      "provider": "provider[\"registry.terraform.io/hashicorp/aws\"]",
      "instances": [
        {
          "index_key": 0,
          "schema_version": 0,
          "attributes": {
            "arn": "arn:aws:iam::980921713930:user/bhp-admin",
            "force_destroy": false,
            "id": "bhp-admin",
            "name": "bhp-admin",
            "path": "/",
            "permissions_boundary": null,
            "tags": {},
            "tags_all": {},
            "unique_id": "AIDA6IY35QUFN36D5EUOC"
          },
          "sensitive_attributes": [],
          "private": "bnVsbA=="
        },
        {
          "index_key": 1,
          "schema_version": 0,
          "attributes": {
            "arn": "arn:aws:iam::980921713930:user/customer-IAM",
            "force_destroy": false,
            "id": "customer-IAM",
            "name": "customer-IAM",
            "path": "/",
            "permissions_boundary": null,
            "tags": {},
            "tags_all": {},
            "unique_id": "AIDA6IY35QUFM56V7DRRR"
          },
          "sensitive_attributes": [],
          "private": "bnVsbA=="
        }
      ]
    },
    {
      "mode": "managed",
      "type": "aws_iam_user_login_profile",
      "name": "user-console",
      "provider": "provider[\"registry.terraform.io/hashicorp/aws\"]",
      "instances": [
        {
          "index_key": 0,
          "schema_version": 0,
          "attributes": {
            "encrypted_password": "wcFMA0bfSzixBsenAQ//ZEbgytyWkGlI95aMJByGpu81uiChCgSw5gHTVbIL9fWO+7NQzISxqgN1SJEgTbh8F3oegDjmT5te691TuBpEk/tzTd33LJnT1qOD2Dld78o/K14Mcj4Re/mptopgWGmNqI7p5+KBu5clJq2gQYP8twSj6BrO8w79nKZZQ8yr8FDoO+6YeGMyQbKRcQm1cadRy8+TtJ5tUhkTUaNm612HXaN2HyAyl1FZxzxGl4PgzhAf8WrNFgJYCZc90v5ASyo14MqQM5aBpBna7llfHZAfrvbApvTtPQWJBlxe7d40f645Zv3a/Q8dkJZEx09NY6JKAqj9tJuKaLORRpxle+mcKJrmvLXuh9v12/Epz9yHIfdwbL5hieX72hETMJGcrjaNVKjqIO0mX8kPMjJohtA8hORSBqQNEgiXd7XK5fimnKRMhXRMnyeJcZ+CwtjvDhsZa4W0XaLMaCB22LBko7HUcsCtYUGMUQb+Fqmyw9LwSJw+HNmrmtQB15mO3voEYcG1cFgPCYSo/WBlu6j4QNGlhy0pSSkOsDze2SHVnIEleUPV3uRwVjcDmitaX4B0iJF8jLdUW4jT1imz9ll1H0SX11JdNtc3tDFAjZA/vd8uFy/Nmw7DHo6w9SP0VtVZgiN9mhsMMFbNB3WClhont3Gtt/vtTHyd8EBwBzYx+VbWF0vSRQHWtXtd/ft6vEVXZXCrYto4RK8EMgnES8hBYe4CP3eXiwIyEPyFb6z1Aa/qkWegRpSJcVrTMbM/4a840RMFiiEfhrRCEA==",
            "id": "bhp-admin",
            "key_fingerprint": "90f5865b6e1b5f167d6025f2cc16c47998fdfc5f",
            "password": null,
            "password_length": 20,
            "password_reset_required": false,
            "pgp_key": "keybase:gustibz",
            "user": "bhp-admin"
          },
          "sensitive_attributes": [],
          "private": "bnVsbA==",
          "dependencies": [
            "aws_iam_user.user-berca"
          ]
        },
        {
          "index_key": 1,
          "schema_version": 0,
          "attributes": {
            "encrypted_password": "wcFMA0bfSzixBsenAQ/8CJZFGo92b66cPe5EzoG694RfzXSfgWtex0B5ru13v2qmxD3HwybSYUDcey04gOJLq+zIhJymupNbDaCDpMyHFCFtuJTbhZtuGuMM4E0HFbQFUGDTSZxQN2semDi817E4aOaSwXNluhmbfnQ/xnNlXt7x7hGmH69yLZygEkYt0JFv4c7EktRZcEJ+ERR2z47wTvDjq8BY1WLa6GWnHRSjDoZIIT+VTod18Grc3T+TzqU0mUoZiOMY9qYhpP44cvyW08Tu7nH5Z1MV6KAfmSAdzskN9Acei566fw46ljBUr4AZRqIFlBghWJU41ZYJxaD/PxbELvhxpQLpcDxLRLleJCKmqZejdOn+rdKjacxa6JbaqwJVMhsQxQxUn7izQ6O0u6jUY38eih0et2ATFJH7W7Q3hKvlo5gjIBOu1ItFhIoTVzBpfFmtGyYsiLaN7KQTH7LIC3xwiA86iSs092dJeDWfFviwZ4cxCSi5SoOix4AfOzwei4FYzLmmx4Z1Y+fIg1TDu4Sdrnrsbk+MfWyDU5NmMAmQS6iyxWhtlYaHmEUcJtNqe2rZYawL32lSC90mqXe8o9BYmf3nAHO9+mzaYDF2JqOEbS2ipWUgET7fahRz1/N/V2hbed9NkoRspq7ct0MCIEWdD73NI8YC4aWvznOrS/r7tAPHQfQnLhU4sobSRQH89uvFfcX1LoM8pUSNLmRwMoiMcLH/99J+8Mq7FMtgqsaUcCk1W+76h1K89VMu2zzU1n+jW9uKKJHkcLewwUOWAD7dqg==",
            "id": "customer-IAM",
            "key_fingerprint": "90f5865b6e1b5f167d6025f2cc16c47998fdfc5f",
            "password": null,
            "password_length": 20,
            "password_reset_required": false,
            "pgp_key": "keybase:gustibz",
            "user": "customer-IAM"
          },
          "sensitive_attributes": [],
          "private": "bnVsbA==",
          "dependencies": [
            "aws_iam_user.user-berca"
          ]
        }
      ]
    },
    {
      "mode": "managed",
      "type": "aws_internet_gateway",
      "name": "igw-customer",
      "provider": "provider[\"registry.terraform.io/hashicorp/aws\"]",
      "instances": [
        {
          "schema_version": 0,
          "attributes": {
            "arn": "arn:aws:ec2:ap-southeast-3:980921713930:internet-gateway/igw-05fe3d22ddc3d093f",
            "id": "igw-05fe3d22ddc3d093f",
            "owner_id": "980921713930",
            "tags": {
              "Name": "igw-customer"
            },
            "tags_all": {
              "Name": "igw-customer"
            },
            "vpc_id": "vpc-0ffa971779537e336"
          },
          "sensitive_attributes": [],
          "private": "bnVsbA==",
          "dependencies": [
            "aws_vpc.vpc-customer"
          ]
        }
      ]
    },
    {
      "mode": "managed",
      "type": "aws_nat_gateway",
      "name": "nat-customer",
      "provider": "provider[\"registry.terraform.io/hashicorp/aws\"]",
      "instances": [
        {
          "schema_version": 0,
          "attributes": {
            "allocation_id": "eipalloc-08fe38f494322799e",
            "connectivity_type": "public",
            "id": "nat-0f4d6cddfba76f8e1",
            "network_interface_id": "eni-019d1565cdf48bf09",
            "private_ip": "10.20.0.85",
            "public_ip": "16.78.203.228",
            "subnet_id": "subnet-058d13d9cf59672b8",
            "tags": {
              "Name": "nat-customer"
            },
            "tags_all": {
              "Name": "nat-customer"
            }
          },
          "sensitive_attributes": [],
          "private": "bnVsbA==",
          "dependencies": [
            "aws_eip.eip-customer",
            "aws_internet_gateway.igw-customer",
            "aws_subnet.public-customer-1",
            "aws_vpc.vpc-customer"
          ]
        }
      ]
    },
    {
      "mode": "managed",
      "type": "aws_route_table",
      "name": "rt-private-customer",
      "provider": "provider[\"registry.terraform.io/hashicorp/aws\"]",
      "instances": [
        {
          "schema_version": 0,
          "attributes": {
            "arn": "arn:aws:ec2:ap-southeast-3:980921713930:route-table/rtb-06839ba33c66908d7",
            "id": "rtb-06839ba33c66908d7",
            "owner_id": "980921713930",
            "propagating_vgws": [],
            "route": [
              {
                "carrier_gateway_id": "",
                "cidr_block": "0.0.0.0/0",
                "core_network_arn": "",
                "destination_prefix_list_id": "",
                "egress_only_gateway_id": "",
                "gateway_id": "nat-0f4d6cddfba76f8e1",
                "instance_id": "",
                "ipv6_cidr_block": "",
                "local_gateway_id": "",
                "nat_gateway_id": "",
                "network_interface_id": "",
                "transit_gateway_id": "",
                "vpc_endpoint_id": "",
                "vpc_peering_connection_id": ""
              }
            ],
            "tags": {
              "Name": "rt-private-customer"
            },
            "tags_all": {
              "Name": "rt-private-customer"
            },
            "timeouts": null,
            "vpc_id": "vpc-0ffa971779537e336"
          },
          "sensitive_attributes": [],
          "private": "eyJlMmJmYjczMC1lY2FhLTExZTYtOGY4OC0zNDM2M2JjN2M0YzAiOnsiY3JlYXRlIjozMDAwMDAwMDAwMDAsImRlbGV0ZSI6MzAwMDAwMDAwMDAwLCJ1cGRhdGUiOjEyMDAwMDAwMDAwMH19",
          "dependencies": [
            "aws_eip.eip-customer",
            "aws_internet_gateway.igw-customer",
            "aws_nat_gateway.nat-customer",
            "aws_subnet.public-customer-1",
            "aws_vpc.vpc-customer"
          ]
        }
      ]
    },
    {
      "mode": "managed",
      "type": "aws_route_table",
      "name": "rt-public-customer",
      "provider": "provider[\"registry.terraform.io/hashicorp/aws\"]",
      "instances": [
        {
          "schema_version": 0,
          "attributes": {
            "arn": "arn:aws:ec2:ap-southeast-3:980921713930:route-table/rtb-058070dca726682c7",
            "id": "rtb-058070dca726682c7",
            "owner_id": "980921713930",
            "propagating_vgws": [],
            "route": [
              {
                "carrier_gateway_id": "",
                "cidr_block": "0.0.0.0/0",
                "core_network_arn": "",
                "destination_prefix_list_id": "",
                "egress_only_gateway_id": "",
                "gateway_id": "igw-05fe3d22ddc3d093f",
                "instance_id": "",
                "ipv6_cidr_block": "",
                "local_gateway_id": "",
                "nat_gateway_id": "",
                "network_interface_id": "",
                "transit_gateway_id": "",
                "vpc_endpoint_id": "",
                "vpc_peering_connection_id": ""
              }
            ],
            "tags": {
              "Name": "rt-public-customer"
            },
            "tags_all": {
              "Name": "rt-public-customer"
            },
            "timeouts": null,
            "vpc_id": "vpc-0ffa971779537e336"
          },
          "sensitive_attributes": [],
          "private": "eyJlMmJmYjczMC1lY2FhLTExZTYtOGY4OC0zNDM2M2JjN2M0YzAiOnsiY3JlYXRlIjozMDAwMDAwMDAwMDAsImRlbGV0ZSI6MzAwMDAwMDAwMDAwLCJ1cGRhdGUiOjEyMDAwMDAwMDAwMH19",
          "dependencies": [
            "aws_internet_gateway.igw-customer",
            "aws_vpc.vpc-customer"
          ]
        }
      ]
    },
    {
      "mode": "managed",
      "type": "aws_route_table_association",
      "name": "subnet-assoc-priv-a",
      "provider": "provider[\"registry.terraform.io/hashicorp/aws\"]",
      "instances": [
        {
          "schema_version": 0,
          "attributes": {
            "gateway_id": "",
            "id": "rtbassoc-0645a4923f21b402e",
            "route_table_id": "rtb-06839ba33c66908d7",
            "subnet_id": "subnet-0c28edc2a5dd00dbb"
          },
          "sensitive_attributes": [],
          "private": "bnVsbA==",
          "dependencies": [
            "aws_eip.eip-customer",
            "aws_internet_gateway.igw-customer",
            "aws_nat_gateway.nat-customer",
            "aws_route_table.rt-private-customer",
            "aws_subnet.private-customer-1",
            "aws_subnet.public-customer-1",
            "aws_vpc.vpc-customer"
          ]
        }
      ]
    },
    {
      "mode": "managed",
      "type": "aws_route_table_association",
      "name": "subnet-assoc-priv-b",
      "provider": "provider[\"registry.terraform.io/hashicorp/aws\"]",
      "instances": [
        {
          "schema_version": 0,
          "attributes": {
            "gateway_id": "",
            "id": "rtbassoc-06d2fbbe23104ab85",
            "route_table_id": "rtb-06839ba33c66908d7",
            "subnet_id": "subnet-06b9de53c701a81e3"
          },
          "sensitive_attributes": [],
          "private": "bnVsbA==",
          "dependencies": [
            "aws_eip.eip-customer",
            "aws_internet_gateway.igw-customer",
            "aws_nat_gateway.nat-customer",
            "aws_route_table.rt-private-customer",
            "aws_subnet.private-customer-2",
            "aws_subnet.public-customer-1",
            "aws_vpc.vpc-customer"
          ]
        }
      ]
    },
    {
      "mode": "managed",
      "type": "aws_route_table_association",
      "name": "subnet-assoc-public-a",
      "provider": "provider[\"registry.terraform.io/hashicorp/aws\"]",
      "instances": [
        {
          "schema_version": 0,
          "attributes": {
            "gateway_id": "",
            "id": "rtbassoc-0578b966a9d044a1d",
            "route_table_id": "rtb-058070dca726682c7",
            "subnet_id": "subnet-058d13d9cf59672b8"
          },
          "sensitive_attributes": [],
          "private": "bnVsbA==",
          "dependencies": [
            "aws_internet_gateway.igw-customer",
            "aws_route_table.rt-public-customer",
            "aws_subnet.public-customer-1",
            "aws_vpc.vpc-customer"
          ]
        }
      ]
    },
    {
      "mode": "managed",
      "type": "aws_security_group",
      "name": "sg-base",
      "provider": "provider[\"registry.terraform.io/hashicorp/aws\"]",
      "instances": [
        {
          "schema_version": 1,
          "attributes": {
            "arn": "arn:aws:ec2:ap-southeast-3:980921713930:security-group/sg-0dd416037f494135e",
            "description": "Managed by Terraform",
            "egress": [
              {
                "cidr_blocks": [
                  "0.0.0.0/0"
                ],
                "description": "",
                "from_port": 0,
                "ipv6_cidr_blocks": [],
                "prefix_list_ids": [],
                "protocol": "-1",
                "security_groups": [],
                "self": false,
                "to_port": 0
              }
            ],
            "id": "sg-0dd416037f494135e",
            "ingress": [
              {
                "cidr_blocks": [
                  "0.0.0.0/0"
                ],
                "description": "Allow HTTP",
                "from_port": 80,
                "ipv6_cidr_blocks": [],
                "prefix_list_ids": [],
                "protocol": "tcp",
                "security_groups": [],
                "self": false,
                "to_port": 80
              },
              {
                "cidr_blocks": [
                  "0.0.0.0/0"
                ],
                "description": "Allow HTTPS",
                "from_port": 443,
                "ipv6_cidr_blocks": [],
                "prefix_list_ids": [],
                "protocol": "tcp",
                "security_groups": [],
                "self": false,
                "to_port": 443
              },
              {
                "cidr_blocks": [
                  "0.0.0.0/0"
                ],
                "description": "Allow SSH",
                "from_port": 22,
                "ipv6_cidr_blocks": [],
                "prefix_list_ids": [],
                "protocol": "tcp",
                "security_groups": [],
                "self": false,
                "to_port": 22
              }
            ],
            "name": "terraform-20250703065359111800000001",
            "name_prefix": "terraform-",
            "owner_id": "980921713930",
            "revoke_rules_on_delete": false,
            "tags": {
              "Name": "sg-base"
            },
            "tags_all": {
              "Name": "sg-base"
            },
            "timeouts": null,
            "vpc_id": "vpc-0ffa971779537e336"
          },
          "sensitive_attributes": [],
          "private": "eyJlMmJmYjczMC1lY2FhLTExZTYtOGY4OC0zNDM2M2JjN2M0YzAiOnsiY3JlYXRlIjo2MDAwMDAwMDAwMDAsImRlbGV0ZSI6OTAwMDAwMDAwMDAwfSwic2NoZW1hX3ZlcnNpb24iOiIxIn0=",
          "dependencies": [
            "aws_vpc.vpc-customer"
          ]
        }
      ]
    },
    {
      "mode": "managed",
      "type": "aws_security_group_rule",
      "name": "egress-rules",
      "provider": "provider[\"registry.terraform.io/hashicorp/aws\"]",
      "instances": [
        {
          "schema_version": 2,
          "attributes": {
            "cidr_blocks": [
              "0.0.0.0/0"
            ],
            "description": "",
            "from_port": 0,
            "id": "sgrule-3394012528",
            "ipv6_cidr_blocks": [],
            "prefix_list_ids": [],
            "protocol": "-1",
            "security_group_id": "sg-0dd416037f494135e",
            "self": false,
            "source_security_group_id": null,
            "to_port": 0,
            "type": "egress"
          },
          "sensitive_attributes": [],
          "private": "eyJzY2hlbWFfdmVyc2lvbiI6IjIifQ==",
          "dependencies": [
            "aws_security_group.sg-base",
            "aws_vpc.vpc-customer"
          ]
        }
      ]
    },
    {
      "mode": "managed",
      "type": "aws_security_group_rule",
      "name": "ingress-rules",
      "provider": "provider[\"registry.terraform.io/hashicorp/aws\"]",
      "instances": [
        {
          "index_key": 0,
          "schema_version": 2,
          "attributes": {
            "cidr_blocks": [
              "0.0.0.0/0"
            ],
            "description": "Allow SSH",
            "from_port": 22,
            "id": "sgrule-3758651174",
            "ipv6_cidr_blocks": [],
            "prefix_list_ids": [],
            "protocol": "tcp",
            "security_group_id": "sg-0dd416037f494135e",
            "self": false,
            "source_security_group_id": null,
            "to_port": 22,
            "type": "ingress"
          },
          "sensitive_attributes": [],
          "private": "eyJzY2hlbWFfdmVyc2lvbiI6IjIifQ==",
          "dependencies": [
            "aws_security_group.sg-base",
            "aws_vpc.vpc-customer"
          ]
        },
        {
          "index_key": 1,
          "schema_version": 2,
          "attributes": {
            "cidr_blocks": [
              "0.0.0.0/0"
            ],
            "description": "Allow HTTP",
            "from_port": 80,
            "id": "sgrule-1451371155",
            "ipv6_cidr_blocks": [],
            "prefix_list_ids": [],
            "protocol": "tcp",
            "security_group_id": "sg-0dd416037f494135e",
            "self": false,
            "source_security_group_id": null,
            "to_port": 80,
            "type": "ingress"
          },
          "sensitive_attributes": [],
          "private": "eyJzY2hlbWFfdmVyc2lvbiI6IjIifQ==",
          "dependencies": [
            "aws_security_group.sg-base",
            "aws_vpc.vpc-customer"
          ]
        },
        {
          "index_key": 2,
          "schema_version": 2,
          "attributes": {
            "cidr_blocks": [
              "0.0.0.0/0"
            ],
            "description": "Allow HTTPS",
            "from_port": 443,
            "id": "sgrule-670311551",
            "ipv6_cidr_blocks": [],
            "prefix_list_ids": [],
            "protocol": "tcp",
            "security_group_id": "sg-0dd416037f494135e",
            "self": false,
            "source_security_group_id": null,
            "to_port": 443,
            "type": "ingress"
          },
          "sensitive_attributes": [],
          "private": "eyJzY2hlbWFfdmVyc2lvbiI6IjIifQ==",
          "dependencies": [
            "aws_security_group.sg-base",
            "aws_vpc.vpc-customer"
          ]
        }
      ]
    },
    {
      "mode": "managed",
      "type": "aws_subnet",
      "name": "private-customer-1",
      "provider": "provider[\"registry.terraform.io/hashicorp/aws\"]",
      "instances": [
        {
          "schema_version": 1,
          "attributes": {
            "arn": "arn:aws:ec2:ap-southeast-3:980921713930:subnet/subnet-0c28edc2a5dd00dbb",
            "assign_ipv6_address_on_creation": false,
            "availability_zone": "ap-southeast-3b",
            "availability_zone_id": "apse3-az2",
            "cidr_block": "10.20.1.0/24",
            "customer_owned_ipv4_pool": "",
            "enable_dns64": false,
            "enable_resource_name_dns_a_record_on_launch": false,
            "enable_resource_name_dns_aaaa_record_on_launch": false,
            "id": "subnet-0c28edc2a5dd00dbb",
            "ipv6_cidr_block": "",
            "ipv6_cidr_block_association_id": "",
            "ipv6_native": false,
            "map_customer_owned_ip_on_launch": false,
            "map_public_ip_on_launch": false,
            "outpost_arn": "",
            "owner_id": "980921713930",
            "private_dns_hostname_type_on_launch": "ip-name",
            "tags": {
              "Name": "private-customer-1"
            },
            "tags_all": {
              "Name": "private-customer-1"
            },
            "timeouts": null,
            "vpc_id": "vpc-0ffa971779537e336"
          },
          "sensitive_attributes": [],
          "private": "eyJlMmJmYjczMC1lY2FhLTExZTYtOGY4OC0zNDM2M2JjN2M0YzAiOnsiY3JlYXRlIjo2MDAwMDAwMDAwMDAsImRlbGV0ZSI6MTIwMDAwMDAwMDAwMH0sInNjaGVtYV92ZXJzaW9uIjoiMSJ9",
          "dependencies": [
            "aws_vpc.vpc-customer"
          ]
        }
      ]
    },
    {
      "mode": "managed",
      "type": "aws_subnet",
      "name": "private-customer-2",
      "provider": "provider[\"registry.terraform.io/hashicorp/aws\"]",
      "instances": [
        {
          "schema_version": 1,
          "attributes": {
            "arn": "arn:aws:ec2:ap-southeast-3:980921713930:subnet/subnet-06b9de53c701a81e3",
            "assign_ipv6_address_on_creation": false,
            "availability_zone": "ap-southeast-3c",
            "availability_zone_id": "apse3-az3",
            "cidr_block": "10.20.2.0/24",
            "customer_owned_ipv4_pool": "",
            "enable_dns64": false,
            "enable_resource_name_dns_a_record_on_launch": false,
            "enable_resource_name_dns_aaaa_record_on_launch": false,
            "id": "subnet-06b9de53c701a81e3",
            "ipv6_cidr_block": "",
            "ipv6_cidr_block_association_id": "",
            "ipv6_native": false,
            "map_customer_owned_ip_on_launch": false,
            "map_public_ip_on_launch": false,
            "outpost_arn": "",
            "owner_id": "980921713930",
            "private_dns_hostname_type_on_launch": "ip-name",
            "tags": {
              "Name": "private-customer-2"
            },
            "tags_all": {
              "Name": "private-customer-2"
            },
            "timeouts": null,
            "vpc_id": "vpc-0ffa971779537e336"
          },
          "sensitive_attributes": [],
          "private": "eyJlMmJmYjczMC1lY2FhLTExZTYtOGY4OC0zNDM2M2JjN2M0YzAiOnsiY3JlYXRlIjo2MDAwMDAwMDAwMDAsImRlbGV0ZSI6MTIwMDAwMDAwMDAwMH0sInNjaGVtYV92ZXJzaW9uIjoiMSJ9",
          "dependencies": [
            "aws_vpc.vpc-customer"
          ]
        }
      ]
    },
    {
      "mode": "managed",
      "type": "aws_subnet",
      "name": "public-customer-1",
      "provider": "provider[\"registry.terraform.io/hashicorp/aws\"]",
      "instances": [
        {
          "schema_version": 1,
          "attributes": {
            "arn": "arn:aws:ec2:ap-southeast-3:980921713930:subnet/subnet-058d13d9cf59672b8",
            "assign_ipv6_address_on_creation": false,
            "availability_zone": "ap-southeast-3a",
            "availability_zone_id": "apse3-az1",
            "cidr_block": "10.20.0.0/24",
            "customer_owned_ipv4_pool": "",
            "enable_dns64": false,
            "enable_resource_name_dns_a_record_on_launch": false,
            "enable_resource_name_dns_aaaa_record_on_launch": false,
            "id": "subnet-058d13d9cf59672b8",
            "ipv6_cidr_block": "",
            "ipv6_cidr_block_association_id": "",
            "ipv6_native": false,
            "map_customer_owned_ip_on_launch": false,
            "map_public_ip_on_launch": false,
            "outpost_arn": "",
            "owner_id": "980921713930",
            "private_dns_hostname_type_on_launch": "ip-name",
            "tags": {
              "Name": "public-customer-1"
            },
            "tags_all": {
              "Name": "public-customer-1"
            },
            "timeouts": null,
            "vpc_id": "vpc-0ffa971779537e336"
          },
          "sensitive_attributes": [],
          "private": "eyJlMmJmYjczMC1lY2FhLTExZTYtOGY4OC0zNDM2M2JjN2M0YzAiOnsiY3JlYXRlIjo2MDAwMDAwMDAwMDAsImRlbGV0ZSI6MTIwMDAwMDAwMDAwMH0sInNjaGVtYV92ZXJzaW9uIjoiMSJ9",
          "dependencies": [
            "aws_vpc.vpc-customer"
          ]
        }
      ]
    },
    {
      "mode": "managed",
      "type": "aws_vpc",
      "name": "vpc-customer",
      "provider": "provider[\"registry.terraform.io/hashicorp/aws\"]",
      "instances": [
        {
          "schema_version": 1,
          "attributes": {
            "arn": "arn:aws:ec2:ap-southeast-3:980921713930:vpc/vpc-0ffa971779537e336",
            "assign_generated_ipv6_cidr_block": false,
            "cidr_block": "10.20.0.0/16",
            "default_network_acl_id": "acl-0e841d4a699497e2f",
            "default_route_table_id": "rtb-0363fb0a9ce09eb4f",
            "default_security_group_id": "sg-0bd7f10c6b967764f",
            "dhcp_options_id": "dopt-09bf193aba5bd3eb3",
            "enable_classiclink": false,
            "enable_classiclink_dns_support": false,
            "enable_dns_hostnames": false,
            "enable_dns_support": true,
            "id": "vpc-0ffa971779537e336",
            "instance_tenancy": "default",
            "ipv4_ipam_pool_id": null,
            "ipv4_netmask_length": null,
            "ipv6_association_id": "",
            "ipv6_cidr_block": "",
            "ipv6_cidr_block_network_border_group": "",
            "ipv6_ipam_pool_id": "",
            "ipv6_netmask_length": 0,
            "main_route_table_id": "rtb-0363fb0a9ce09eb4f",
            "owner_id": "980921713930",
            "tags": {
              "Name": "vpc-customer"
            },
            "tags_all": {
              "Name": "vpc-customer"
            }
          },
          "sensitive_attributes": [],
          "private": "eyJzY2hlbWFfdmVyc2lvbiI6IjEifQ=="
        }
      ]
    }
  ],
  "check_results": null
}
